<?xml version="1.0" encoding="utf-8"?>
<Project ToolsVersion="4.0" xmlns="http://schemas.microsoft.com/developer/msbuild/2003">
  <ItemGroup>
    <Filter Include="资源文件">
      <UniqueIdentifier>{67DA6AB6-F800-4c08-8B7A-83BB121AAD01}</UniqueIdentifier>
      <Extensions>rc;ico;cur;bmp;dlg;rc2;rct;bin;rgs;gif;jpg;jpeg;jpe;resx;tiff;tif;png;wav;mfcribbon-ms</Extensions>
    </Filter>
    <Filter Include="java">
      <UniqueIdentifier>{e1a61ae4-3e1a-4dbe-ac2a-e57fe9319e99}</UniqueIdentifier>
    </Filter>
    <Filter Include="java\test">
      <UniqueIdentifier>{ffcc4dd2-f833-4f47-87ef-781089506d42}</UniqueIdentifier>
    </Filter>
    <Filter Include="base">
      <UniqueIdentifier>{8f942d5a-e585-458d-a28a-de381a065333}</UniqueIdentifier>
    </Filter>
    <Filter Include="base\h">
      <UniqueIdentifier>{9f3d7d4d-9b69-497c-b0d9-719f54169148}</UniqueIdentifier>
    </Filter>
    <Filter Include="base\cpp">
      <UniqueIdentifier>{7388ee3f-a15c-4fdf-b203-79fd3fa6d5e9}</UniqueIdentifier>
    </Filter>
    <Filter Include="application">
      <UniqueIdentifier>{36de2a58-1ccc-433c-b51a-bb1ceb65d4ac}</UniqueIdentifier>
    </Filter>
    <Filter Include="class_reader">
      <UniqueIdentifier>{b9f35a89-7fa2-46fa-a06e-4248d53e7091}</UniqueIdentifier>
    </Filter>
    <Filter Include="jvm">
      <UniqueIdentifier>{bda0a24e-e65f-4f55-bc9e-41a54797f684}</UniqueIdentifier>
    </Filter>
  </ItemGroup>
  <ItemGroup>
    <ClInclude Include="stdafx.h">
      <Filter>base\h</Filter>
    </ClInclude>
    <ClInclude Include="types.h">
      <Filter>base\h</Filter>
    </ClInclude>
    <ClInclude Include="targetver.h">
      <Filter>base\h</Filter>
    </ClInclude>
    <ClInclude Include="ClassFileData.h">
      <Filter>class_reader</Filter>
    </ClInclude>
    <ClInclude Include="ClassReader.h">
      <Filter>class_reader</Filter>
    </ClInclude>
    <ClInclude Include="DataBlock.h">
      <Filter>class_reader</Filter>
    </ClInclude>
    <ClInclude Include="DataReader.h">
      <Filter>class_reader</Filter>
    </ClInclude>
    <ClInclude Include="ClassPath.h">
      <Filter>jvm</Filter>
    </ClInclude>
    <ClInclude Include="ClassLoader.h">
      <Filter>jvm</Filter>
    </ClInclude>
    <ClInclude Include="HeapMemory.h">
      <Filter>jvm</Filter>
    </ClInclude>
    <ClInclude Include="JVMClass.h">
      <Filter>jvm</Filter>
    </ClInclude>
    <ClInclude Include="JVMObject.h">
      <Filter>jvm</Filter>
    </ClInclude>
    <ClInclude Include="jvmBase.h">
      <Filter>jvm</Filter>
    </ClInclude>
    <ClInclude Include="JVM.h">
      <Filter>jvm</Filter>
    </ClInclude>
    <ClInclude Include="JVMThread.h">
      <Filter>jvm</Filter>
    </ClInclude>
    <ClInclude Include="NativeMethodHandler.h">
      <Filter>jvm</Filter>
    </ClInclude>
  </ItemGroup>
  <ItemGroup>
    <ClCompile Include="stdafx.cpp">
      <Filter>base\cpp</Filter>
    </ClCompile>
    <ClCompile Include="SimpleJVM.cpp">
      <Filter>application</Filter>
    </ClCompile>
    <ClCompile Include="ClassFileData.cpp">
      <Filter>class_reader</Filter>
    </ClCompile>
    <ClCompile Include="ClassReader.cpp">
      <Filter>class_reader</Filter>
    </ClCompile>
    <ClCompile Include="DataReader.cpp">
      <Filter>class_reader</Filter>
    </ClCompile>
    <ClCompile Include="ClassPath.cpp">
      <Filter>jvm</Filter>
    </ClCompile>
    <ClCompile Include="ClassLoader.cpp">
      <Filter>jvm</Filter>
    </ClCompile>
    <ClCompile Include="HeapMemory.cpp">
      <Filter>jvm</Filter>
    </ClCompile>
    <ClCompile Include="JVMClass.cpp">
      <Filter>jvm</Filter>
    </ClCompile>
    <ClCompile Include="JVMObject.cpp">
      <Filter>jvm</Filter>
    </ClCompile>
    <ClCompile Include="JVM.cpp">
      <Filter>jvm</Filter>
    </ClCompile>
    <ClCompile Include="JVMThread.cpp">
      <Filter>jvm</Filter>
    </ClCompile>
    <ClCompile Include="jvmOpCode.cpp">
      <Filter>jvm</Filter>
    </ClCompile>
    <ClCompile Include="NativeMethodHandler.cpp">
      <Filter>jvm</Filter>
    </ClCompile>
  </ItemGroup>
  <ItemGroup>
    <None Include="java\test\Test.class">
      <Filter>java\test</Filter>
    </None>
    <None Include="java\test\Test.java">
      <Filter>java\test</Filter>
    </None>
    <None Include="..\README.md" />
  </ItemGroup>
</Project>